
Microsoft Visual Studio Solution File, Format Version 12.00
# Visual Studio Version 17
VisualStudioVersion = 17.0.31903.59
MinimumVisualStudioVersion = 10.0.40219.1
Project("{8BC9CEB8-8B4A-11D0-8D11-00A0C91BC942}") = "GASP", "GASP\GASP.vcxproj", "{639D7192-D51C-44A0-8720-155F004042FD}"
EndProject
Project("{2150E333-8FDC-42A3-9474-1A3956D46DE8}") = "concept", "concept", "{8F0801F2-6065-4069-A92D-9586940FAADC}"
	ProjectSection(SolutionItems) = preProject
		concept\message.md = concept\message.md
		concept\network.md = concept\network.md
	EndProjectSection
EndProject
Project("{2150E333-8FDC-42A3-9474-1A3956D46DE8}") = "Solution Items", "Solution Items", "{2BD43CEF-AB1A-4170-8C4A-1C958105B6AE}"
	ProjectSection(SolutionItems) = preProject
		.gitignore = .gitignore
		bin\Makefile = bin\Makefile
		README.md = README.md
	EndProjectSection
EndProject
Project("{9A19103F-16F7-4668-BE54-9A1E7A4F7556}") = "GSC", "GSC\GSC.csproj", "{16112517-7BCA-4569-BE0E-601C2D203496}"
EndProject
Project("{9A19103F-16F7-4668-BE54-9A1E7A4F7556}") = "GSC.Android", "GSC.Android\GSC.Android.csproj", "{4BA439E0-FDDF-4DEA-8AC8-AE7CCAA59E7A}"
EndProject
Project("{9A19103F-16F7-4668-BE54-9A1E7A4F7556}") = "GSC.Desktop", "GSC.Desktop\GSC.Desktop.csproj", "{006F163A-B4EE-4A7C-8427-7CEFA88FFFFC}"
EndProject
Project("{9A19103F-16F7-4668-BE54-9A1E7A4F7556}") = "GSC.iOS", "GSC.iOS\GSC.iOS.csproj", "{C367B7CF-2531-4E5D-B2C6-2DDAC84F36D1}"
EndProject
Project("{9A19103F-16F7-4668-BE54-9A1E7A4F7556}") = "GSC.Browser", "GSC.Browser\GSC.Browser.csproj", "{2C107951-9225-4FBD-B488-C5D2326757CD}"
EndProject
Project("{8BC9CEB8-8B4A-11D0-8D11-00A0C91BC942}") = "GTC", "GTC\GTC.vcxproj", "{68A6CED9-DA0D-4F20-9322-4EBD12C5DDDD}"
EndProject
Project("{8BC9CEB8-8B4A-11D0-8D11-00A0C91BC942}") = "lib", "lib\lib.vcxitems", "{40136619-ED98-4FBE-A5A9-BD2AD9DBB046}"
EndProject
Project("{8BC9CEB8-8B4A-11D0-8D11-00A0C91BC942}") = "Test", "Test\Test.vcxproj", "{EF9E75C4-2F31-477B-BBFD-6A2314CF5CD2}"
EndProject
Project("{2150E333-8FDC-42A3-9474-1A3956D46DE8}") = "bin", "bin", "{64746E79-6FF4-4785-8A5D-F8A8C73F2B00}"
	ProjectSection(SolutionItems) = preProject
		bin\Makefile = bin\Makefile
	EndProjectSection
EndProject
Global
	GlobalSection(SolutionConfigurationPlatforms) = preSolution
		Debug|Any CPU = Debug|Any CPU
		Debug|ARM = Debug|ARM
		Debug|ARM64 = Debug|ARM64
		Debug|x64 = Debug|x64
		Debug|x86 = Debug|x86
		Release|Any CPU = Release|Any CPU
		Release|ARM = Release|ARM
		Release|ARM64 = Release|ARM64
		Release|x64 = Release|x64
		Release|x86 = Release|x86
	EndGlobalSection
	GlobalSection(ProjectConfigurationPlatforms) = postSolution
		{639D7192-D51C-44A0-8720-155F004042FD}.Debug|Any CPU.ActiveCfg = Debug|x64
		{639D7192-D51C-44A0-8720-155F004042FD}.Debug|Any CPU.Build.0 = Debug|x64
		{639D7192-D51C-44A0-8720-155F004042FD}.Debug|Any CPU.Deploy.0 = Debug|x64
		{639D7192-D51C-44A0-8720-155F004042FD}.Debug|ARM.ActiveCfg = Debug|ARM
		{639D7192-D51C-44A0-8720-155F004042FD}.Debug|ARM.Build.0 = Debug|ARM
		{639D7192-D51C-44A0-8720-155F004042FD}.Debug|ARM.Deploy.0 = Debug|ARM
		{639D7192-D51C-44A0-8720-155F004042FD}.Debug|ARM64.ActiveCfg = Debug|ARM64
		{639D7192-D51C-44A0-8720-155F004042FD}.Debug|ARM64.Build.0 = Debug|ARM64
		{639D7192-D51C-44A0-8720-155F004042FD}.Debug|ARM64.Deploy.0 = Debug|ARM64
		{639D7192-D51C-44A0-8720-155F004042FD}.Debug|x64.ActiveCfg = Debug|x64
		{639D7192-D51C-44A0-8720-155F004042FD}.Debug|x64.Build.0 = Debug|x64
		{639D7192-D51C-44A0-8720-155F004042FD}.Debug|x64.Deploy.0 = Debug|x64
		{639D7192-D51C-44A0-8720-155F004042FD}.Debug|x86.ActiveCfg = Debug|x86
		{639D7192-D51C-44A0-8720-155F004042FD}.Debug|x86.Build.0 = Debug|x86
		{639D7192-D51C-44A0-8720-155F004042FD}.Debug|x86.Deploy.0 = Debug|x86
		{639D7192-D51C-44A0-8720-155F004042FD}.Release|Any CPU.ActiveCfg = Release|x64
		{639D7192-D51C-44A0-8720-155F004042FD}.Release|Any CPU.Build.0 = Release|x64
		{639D7192-D51C-44A0-8720-155F004042FD}.Release|Any CPU.Deploy.0 = Release|x64
		{639D7192-D51C-44A0-8720-155F004042FD}.Release|ARM.ActiveCfg = Release|ARM
		{639D7192-D51C-44A0-8720-155F004042FD}.Release|ARM.Build.0 = Release|ARM
		{639D7192-D51C-44A0-8720-155F004042FD}.Release|ARM.Deploy.0 = Release|ARM
		{639D7192-D51C-44A0-8720-155F004042FD}.Release|ARM64.ActiveCfg = Release|ARM64
		{639D7192-D51C-44A0-8720-155F004042FD}.Release|ARM64.Build.0 = Release|ARM64
		{639D7192-D51C-44A0-8720-155F004042FD}.Release|ARM64.Deploy.0 = Release|ARM64
		{639D7192-D51C-44A0-8720-155F004042FD}.Release|x64.ActiveCfg = Release|x64
		{639D7192-D51C-44A0-8720-155F004042FD}.Release|x64.Build.0 = Release|x64
		{639D7192-D51C-44A0-8720-155F004042FD}.Release|x64.Deploy.0 = Release|x64
		{639D7192-D51C-44A0-8720-155F004042FD}.Release|x86.ActiveCfg = Release|x86
		{639D7192-D51C-44A0-8720-155F004042FD}.Release|x86.Build.0 = Release|x86
		{639D7192-D51C-44A0-8720-155F004042FD}.Release|x86.Deploy.0 = Release|x86
		{16112517-7BCA-4569-BE0E-601C2D203496}.Debug|Any CPU.ActiveCfg = Debug|Any CPU
		{16112517-7BCA-4569-BE0E-601C2D203496}.Debug|Any CPU.Build.0 = Debug|Any CPU
		{16112517-7BCA-4569-BE0E-601C2D203496}.Debug|ARM.ActiveCfg = Debug|Any CPU
		{16112517-7BCA-4569-BE0E-601C2D203496}.Debug|ARM.Build.0 = Debug|Any CPU
		{16112517-7BCA-4569-BE0E-601C2D203496}.Debug|ARM64.ActiveCfg = Debug|Any CPU
		{16112517-7BCA-4569-BE0E-601C2D203496}.Debug|ARM64.Build.0 = Debug|Any CPU
		{16112517-7BCA-4569-BE0E-601C2D203496}.Debug|x64.ActiveCfg = Debug|Any CPU
		{16112517-7BCA-4569-BE0E-601C2D203496}.Debug|x64.Build.0 = Debug|Any CPU
		{16112517-7BCA-4569-BE0E-601C2D203496}.Debug|x86.ActiveCfg = Debug|Any CPU
		{16112517-7BCA-4569-BE0E-601C2D203496}.Debug|x86.Build.0 = Debug|Any CPU
		{16112517-7BCA-4569-BE0E-601C2D203496}.Release|Any CPU.ActiveCfg = Release|Any CPU
		{16112517-7BCA-4569-BE0E-601C2D203496}.Release|Any CPU.Build.0 = Release|Any CPU
		{16112517-7BCA-4569-BE0E-601C2D203496}.Release|ARM.ActiveCfg = Release|Any CPU
		{16112517-7BCA-4569-BE0E-601C2D203496}.Release|ARM.Build.0 = Release|Any CPU
		{16112517-7BCA-4569-BE0E-601C2D203496}.Release|ARM64.ActiveCfg = Release|Any CPU
		{16112517-7BCA-4569-BE0E-601C2D203496}.Release|ARM64.Build.0 = Release|Any CPU
		{16112517-7BCA-4569-BE0E-601C2D203496}.Release|x64.ActiveCfg = Release|Any CPU
		{16112517-7BCA-4569-BE0E-601C2D203496}.Release|x64.Build.0 = Release|Any CPU
		{16112517-7BCA-4569-BE0E-601C2D203496}.Release|x86.ActiveCfg = Release|Any CPU
		{16112517-7BCA-4569-BE0E-601C2D203496}.Release|x86.Build.0 = Release|Any CPU
		{4BA439E0-FDDF-4DEA-8AC8-AE7CCAA59E7A}.Debug|Any CPU.ActiveCfg = Debug|Any CPU
		{4BA439E0-FDDF-4DEA-8AC8-AE7CCAA59E7A}.Debug|Any CPU.Build.0 = Debug|Any CPU
		{4BA439E0-FDDF-4DEA-8AC8-AE7CCAA59E7A}.Debug|ARM.ActiveCfg = Debug|Any CPU
		{4BA439E0-FDDF-4DEA-8AC8-AE7CCAA59E7A}.Debug|ARM.Build.0 = Debug|Any CPU
		{4BA439E0-FDDF-4DEA-8AC8-AE7CCAA59E7A}.Debug|ARM64.ActiveCfg = Debug|Any CPU
		{4BA439E0-FDDF-4DEA-8AC8-AE7CCAA59E7A}.Debug|ARM64.Build.0 = Debug|Any CPU
		{4BA439E0-FDDF-4DEA-8AC8-AE7CCAA59E7A}.Debug|x64.ActiveCfg = Debug|Any CPU
		{4BA439E0-FDDF-4DEA-8AC8-AE7CCAA59E7A}.Debug|x64.Build.0 = Debug|Any CPU
		{4BA439E0-FDDF-4DEA-8AC8-AE7CCAA59E7A}.Debug|x86.ActiveCfg = Debug|Any CPU
		{4BA439E0-FDDF-4DEA-8AC8-AE7CCAA59E7A}.Debug|x86.Build.0 = Debug|Any CPU
		{4BA439E0-FDDF-4DEA-8AC8-AE7CCAA59E7A}.Release|Any CPU.ActiveCfg = Release|Any CPU
		{4BA439E0-FDDF-4DEA-8AC8-AE7CCAA59E7A}.Release|Any CPU.Build.0 = Release|Any CPU
		{4BA439E0-FDDF-4DEA-8AC8-AE7CCAA59E7A}.Release|ARM.ActiveCfg = Release|Any CPU
		{4BA439E0-FDDF-4DEA-8AC8-AE7CCAA59E7A}.Release|ARM.Build.0 = Release|Any CPU
		{4BA439E0-FDDF-4DEA-8AC8-AE7CCAA59E7A}.Release|ARM64.ActiveCfg = Release|Any CPU
		{4BA439E0-FDDF-4DEA-8AC8-AE7CCAA59E7A}.Release|ARM64.Build.0 = Release|Any CPU
		{4BA439E0-FDDF-4DEA-8AC8-AE7CCAA59E7A}.Release|x64.ActiveCfg = Release|Any CPU
		{4BA439E0-FDDF-4DEA-8AC8-AE7CCAA59E7A}.Release|x64.Build.0 = Release|Any CPU
		{4BA439E0-FDDF-4DEA-8AC8-AE7CCAA59E7A}.Release|x86.ActiveCfg = Release|Any CPU
		{4BA439E0-FDDF-4DEA-8AC8-AE7CCAA59E7A}.Release|x86.Build.0 = Release|Any CPU
		{006F163A-B4EE-4A7C-8427-7CEFA88FFFFC}.Debug|Any CPU.ActiveCfg = Debug|Any CPU
		{006F163A-B4EE-4A7C-8427-7CEFA88FFFFC}.Debug|Any CPU.Build.0 = Debug|Any CPU
		{006F163A-B4EE-4A7C-8427-7CEFA88FFFFC}.Debug|ARM.ActiveCfg = Debug|Any CPU
		{006F163A-B4EE-4A7C-8427-7CEFA88FFFFC}.Debug|ARM.Build.0 = Debug|Any CPU
		{006F163A-B4EE-4A7C-8427-7CEFA88FFFFC}.Debug|ARM64.ActiveCfg = Debug|Any CPU
		{006F163A-B4EE-4A7C-8427-7CEFA88FFFFC}.Debug|ARM64.Build.0 = Debug|Any CPU
		{006F163A-B4EE-4A7C-8427-7CEFA88FFFFC}.Debug|x64.ActiveCfg = Debug|Any CPU
		{006F163A-B4EE-4A7C-8427-7CEFA88FFFFC}.Debug|x64.Build.0 = Debug|Any CPU
		{006F163A-B4EE-4A7C-8427-7CEFA88FFFFC}.Debug|x86.ActiveCfg = Debug|Any CPU
		{006F163A-B4EE-4A7C-8427-7CEFA88FFFFC}.Debug|x86.Build.0 = Debug|Any CPU
		{006F163A-B4EE-4A7C-8427-7CEFA88FFFFC}.Release|Any CPU.ActiveCfg = Release|Any CPU
		{006F163A-B4EE-4A7C-8427-7CEFA88FFFFC}.Release|Any CPU.Build.0 = Release|Any CPU
		{006F163A-B4EE-4A7C-8427-7CEFA88FFFFC}.Release|ARM.ActiveCfg = Release|Any CPU
		{006F163A-B4EE-4A7C-8427-7CEFA88FFFFC}.Release|ARM.Build.0 = Release|Any CPU
		{006F163A-B4EE-4A7C-8427-7CEFA88FFFFC}.Release|ARM64.ActiveCfg = Release|Any CPU
		{006F163A-B4EE-4A7C-8427-7CEFA88FFFFC}.Release|ARM64.Build.0 = Release|Any CPU
		{006F163A-B4EE-4A7C-8427-7CEFA88FFFFC}.Release|x64.ActiveCfg = Release|Any CPU
		{006F163A-B4EE-4A7C-8427-7CEFA88FFFFC}.Release|x64.Build.0 = Release|Any CPU
		{006F163A-B4EE-4A7C-8427-7CEFA88FFFFC}.Release|x86.ActiveCfg = Release|Any CPU
		{006F163A-B4EE-4A7C-8427-7CEFA88FFFFC}.Release|x86.Build.0 = Release|Any CPU
		{C367B7CF-2531-4E5D-B2C6-2DDAC84F36D1}.Debug|Any CPU.ActiveCfg = Debug|Any CPU
		{C367B7CF-2531-4E5D-B2C6-2DDAC84F36D1}.Debug|Any CPU.Build.0 = Debug|Any CPU
		{C367B7CF-2531-4E5D-B2C6-2DDAC84F36D1}.Debug|ARM.ActiveCfg = Debug|Any CPU
		{C367B7CF-2531-4E5D-B2C6-2DDAC84F36D1}.Debug|ARM.Build.0 = Debug|Any CPU
		{C367B7CF-2531-4E5D-B2C6-2DDAC84F36D1}.Debug|ARM64.ActiveCfg = Debug|Any CPU
		{C367B7CF-2531-4E5D-B2C6-2DDAC84F36D1}.Debug|ARM64.Build.0 = Debug|Any CPU
		{C367B7CF-2531-4E5D-B2C6-2DDAC84F36D1}.Debug|x64.ActiveCfg = Debug|Any CPU
		{C367B7CF-2531-4E5D-B2C6-2DDAC84F36D1}.Debug|x64.Build.0 = Debug|Any CPU
		{C367B7CF-2531-4E5D-B2C6-2DDAC84F36D1}.Debug|x86.ActiveCfg = Debug|Any CPU
		{C367B7CF-2531-4E5D-B2C6-2DDAC84F36D1}.Debug|x86.Build.0 = Debug|Any CPU
		{C367B7CF-2531-4E5D-B2C6-2DDAC84F36D1}.Release|Any CPU.ActiveCfg = Release|Any CPU
		{C367B7CF-2531-4E5D-B2C6-2DDAC84F36D1}.Release|Any CPU.Build.0 = Release|Any CPU
		{C367B7CF-2531-4E5D-B2C6-2DDAC84F36D1}.Release|ARM.ActiveCfg = Release|Any CPU
		{C367B7CF-2531-4E5D-B2C6-2DDAC84F36D1}.Release|ARM.Build.0 = Release|Any CPU
		{C367B7CF-2531-4E5D-B2C6-2DDAC84F36D1}.Release|ARM64.ActiveCfg = Release|Any CPU
		{C367B7CF-2531-4E5D-B2C6-2DDAC84F36D1}.Release|ARM64.Build.0 = Release|Any CPU
		{C367B7CF-2531-4E5D-B2C6-2DDAC84F36D1}.Release|x64.ActiveCfg = Release|Any CPU
		{C367B7CF-2531-4E5D-B2C6-2DDAC84F36D1}.Release|x64.Build.0 = Release|Any CPU
		{C367B7CF-2531-4E5D-B2C6-2DDAC84F36D1}.Release|x86.ActiveCfg = Release|Any CPU
		{C367B7CF-2531-4E5D-B2C6-2DDAC84F36D1}.Release|x86.Build.0 = Release|Any CPU
		{2C107951-9225-4FBD-B488-C5D2326757CD}.Debug|Any CPU.ActiveCfg = Debug|Any CPU
		{2C107951-9225-4FBD-B488-C5D2326757CD}.Debug|Any CPU.Build.0 = Debug|Any CPU
		{2C107951-9225-4FBD-B488-C5D2326757CD}.Debug|ARM.ActiveCfg = Debug|Any CPU
		{2C107951-9225-4FBD-B488-C5D2326757CD}.Debug|ARM.Build.0 = Debug|Any CPU
		{2C107951-9225-4FBD-B488-C5D2326757CD}.Debug|ARM64.ActiveCfg = Debug|Any CPU
		{2C107951-9225-4FBD-B488-C5D2326757CD}.Debug|ARM64.Build.0 = Debug|Any CPU
		{2C107951-9225-4FBD-B488-C5D2326757CD}.Debug|x64.ActiveCfg = Debug|Any CPU
		{2C107951-9225-4FBD-B488-C5D2326757CD}.Debug|x64.Build.0 = Debug|Any CPU
		{2C107951-9225-4FBD-B488-C5D2326757CD}.Debug|x86.ActiveCfg = Debug|Any CPU
		{2C107951-9225-4FBD-B488-C5D2326757CD}.Debug|x86.Build.0 = Debug|Any CPU
		{2C107951-9225-4FBD-B488-C5D2326757CD}.Release|Any CPU.ActiveCfg = Release|Any CPU
		{2C107951-9225-4FBD-B488-C5D2326757CD}.Release|Any CPU.Build.0 = Release|Any CPU
		{2C107951-9225-4FBD-B488-C5D2326757CD}.Release|ARM.ActiveCfg = Release|Any CPU
		{2C107951-9225-4FBD-B488-C5D2326757CD}.Release|ARM.Build.0 = Release|Any CPU
		{2C107951-9225-4FBD-B488-C5D2326757CD}.Release|ARM64.ActiveCfg = Release|Any CPU
		{2C107951-9225-4FBD-B488-C5D2326757CD}.Release|ARM64.Build.0 = Release|Any CPU
		{2C107951-9225-4FBD-B488-C5D2326757CD}.Release|x64.ActiveCfg = Release|Any CPU
		{2C107951-9225-4FBD-B488-C5D2326757CD}.Release|x64.Build.0 = Release|Any CPU
		{2C107951-9225-4FBD-B488-C5D2326757CD}.Release|x86.ActiveCfg = Release|Any CPU
		{2C107951-9225-4FBD-B488-C5D2326757CD}.Release|x86.Build.0 = Release|Any CPU
		{68A6CED9-DA0D-4F20-9322-4EBD12C5DDDD}.Debug|Any CPU.ActiveCfg = Debug|x64
		{68A6CED9-DA0D-4F20-9322-4EBD12C5DDDD}.Debug|Any CPU.Build.0 = Debug|x64
		{68A6CED9-DA0D-4F20-9322-4EBD12C5DDDD}.Debug|Any CPU.Deploy.0 = Debug|x64
		{68A6CED9-DA0D-4F20-9322-4EBD12C5DDDD}.Debug|ARM.ActiveCfg = Debug|ARM
		{68A6CED9-DA0D-4F20-9322-4EBD12C5DDDD}.Debug|ARM.Build.0 = Debug|ARM
		{68A6CED9-DA0D-4F20-9322-4EBD12C5DDDD}.Debug|ARM.Deploy.0 = Debug|ARM
		{68A6CED9-DA0D-4F20-9322-4EBD12C5DDDD}.Debug|ARM64.ActiveCfg = Debug|ARM64
		{68A6CED9-DA0D-4F20-9322-4EBD12C5DDDD}.Debug|ARM64.Build.0 = Debug|ARM64
		{68A6CED9-DA0D-4F20-9322-4EBD12C5DDDD}.Debug|ARM64.Deploy.0 = Debug|ARM64
		{68A6CED9-DA0D-4F20-9322-4EBD12C5DDDD}.Debug|x64.ActiveCfg = Debug|x64
		{68A6CED9-DA0D-4F20-9322-4EBD12C5DDDD}.Debug|x64.Build.0 = Debug|x64
		{68A6CED9-DA0D-4F20-9322-4EBD12C5DDDD}.Debug|x64.Deploy.0 = Debug|x64
		{68A6CED9-DA0D-4F20-9322-4EBD12C5DDDD}.Debug|x86.ActiveCfg = Debug|x86
		{68A6CED9-DA0D-4F20-9322-4EBD12C5DDDD}.Debug|x86.Build.0 = Debug|x86
		{68A6CED9-DA0D-4F20-9322-4EBD12C5DDDD}.Debug|x86.Deploy.0 = Debug|x86
		{68A6CED9-DA0D-4F20-9322-4EBD12C5DDDD}.Release|Any CPU.ActiveCfg = Release|x64
		{68A6CED9-DA0D-4F20-9322-4EBD12C5DDDD}.Release|Any CPU.Build.0 = Release|x64
		{68A6CED9-DA0D-4F20-9322-4EBD12C5DDDD}.Release|Any CPU.Deploy.0 = Release|x64
		{68A6CED9-DA0D-4F20-9322-4EBD12C5DDDD}.Release|ARM.ActiveCfg = Release|ARM
		{68A6CED9-DA0D-4F20-9322-4EBD12C5DDDD}.Release|ARM.Build.0 = Release|ARM
		{68A6CED9-DA0D-4F20-9322-4EBD12C5DDDD}.Release|ARM.Deploy.0 = Release|ARM
		{68A6CED9-DA0D-4F20-9322-4EBD12C5DDDD}.Release|ARM64.ActiveCfg = Release|ARM64
		{68A6CED9-DA0D-4F20-9322-4EBD12C5DDDD}.Release|ARM64.Build.0 = Release|ARM64
		{68A6CED9-DA0D-4F20-9322-4EBD12C5DDDD}.Release|ARM64.Deploy.0 = Release|ARM64
		{68A6CED9-DA0D-4F20-9322-4EBD12C5DDDD}.Release|x64.ActiveCfg = Release|x64
		{68A6CED9-DA0D-4F20-9322-4EBD12C5DDDD}.Release|x64.Build.0 = Release|x64
		{68A6CED9-DA0D-4F20-9322-4EBD12C5DDDD}.Release|x64.Deploy.0 = Release|x64
		{68A6CED9-DA0D-4F20-9322-4EBD12C5DDDD}.Release|x86.ActiveCfg = Release|x86
		{68A6CED9-DA0D-4F20-9322-4EBD12C5DDDD}.Release|x86.Build.0 = Release|x86
		{68A6CED9-DA0D-4F20-9322-4EBD12C5DDDD}.Release|x86.Deploy.0 = Release|x86
		{EF9E75C4-2F31-477B-BBFD-6A2314CF5CD2}.Debug|Any CPU.ActiveCfg = Debug|x64
		{EF9E75C4-2F31-477B-BBFD-6A2314CF5CD2}.Debug|Any CPU.Build.0 = Debug|x64
		{EF9E75C4-2F31-477B-BBFD-6A2314CF5CD2}.Debug|Any CPU.Deploy.0 = Debug|x64
		{EF9E75C4-2F31-477B-BBFD-6A2314CF5CD2}.Debug|ARM.ActiveCfg = Debug|ARM
		{EF9E75C4-2F31-477B-BBFD-6A2314CF5CD2}.Debug|ARM.Build.0 = Debug|ARM
		{EF9E75C4-2F31-477B-BBFD-6A2314CF5CD2}.Debug|ARM.Deploy.0 = Debug|ARM
		{EF9E75C4-2F31-477B-BBFD-6A2314CF5CD2}.Debug|ARM64.ActiveCfg = Debug|ARM64
		{EF9E75C4-2F31-477B-BBFD-6A2314CF5CD2}.Debug|ARM64.Build.0 = Debug|ARM64
		{EF9E75C4-2F31-477B-BBFD-6A2314CF5CD2}.Debug|ARM64.Deploy.0 = Debug|ARM64
		{EF9E75C4-2F31-477B-BBFD-6A2314CF5CD2}.Debug|x64.ActiveCfg = Debug|x64
		{EF9E75C4-2F31-477B-BBFD-6A2314CF5CD2}.Debug|x64.Build.0 = Debug|x64
		{EF9E75C4-2F31-477B-BBFD-6A2314CF5CD2}.Debug|x64.Deploy.0 = Debug|x64
		{EF9E75C4-2F31-477B-BBFD-6A2314CF5CD2}.Debug|x86.ActiveCfg = Debug|x86
		{EF9E75C4-2F31-477B-BBFD-6A2314CF5CD2}.Debug|x86.Build.0 = Debug|x86
		{EF9E75C4-2F31-477B-BBFD-6A2314CF5CD2}.Debug|x86.Deploy.0 = Debug|x86
		{EF9E75C4-2F31-477B-BBFD-6A2314CF5CD2}.Release|Any CPU.ActiveCfg = Release|x64
		{EF9E75C4-2F31-477B-BBFD-6A2314CF5CD2}.Release|Any CPU.Build.0 = Release|x64
		{EF9E75C4-2F31-477B-BBFD-6A2314CF5CD2}.Release|Any CPU.Deploy.0 = Release|x64
		{EF9E75C4-2F31-477B-BBFD-6A2314CF5CD2}.Release|ARM.ActiveCfg = Release|ARM
		{EF9E75C4-2F31-477B-BBFD-6A2314CF5CD2}.Release|ARM.Build.0 = Release|ARM
		{EF9E75C4-2F31-477B-BBFD-6A2314CF5CD2}.Release|ARM.Deploy.0 = Release|ARM
		{EF9E75C4-2F31-477B-BBFD-6A2314CF5CD2}.Release|ARM64.ActiveCfg = Release|ARM64
		{EF9E75C4-2F31-477B-BBFD-6A2314CF5CD2}.Release|ARM64.Build.0 = Release|ARM64
		{EF9E75C4-2F31-477B-BBFD-6A2314CF5CD2}.Release|ARM64.Deploy.0 = Release|ARM64
		{EF9E75C4-2F31-477B-BBFD-6A2314CF5CD2}.Release|x64.ActiveCfg = Release|x64
		{EF9E75C4-2F31-477B-BBFD-6A2314CF5CD2}.Release|x64.Build.0 = Release|x64
		{EF9E75C4-2F31-477B-BBFD-6A2314CF5CD2}.Release|x64.Deploy.0 = Release|x64
		{EF9E75C4-2F31-477B-BBFD-6A2314CF5CD2}.Release|x86.ActiveCfg = Release|x86
		{EF9E75C4-2F31-477B-BBFD-6A2314CF5CD2}.Release|x86.Build.0 = Release|x86
		{EF9E75C4-2F31-477B-BBFD-6A2314CF5CD2}.Release|x86.Deploy.0 = Release|x86
	EndGlobalSection
	GlobalSection(SolutionProperties) = preSolution
		HideSolutionNode = FALSE
	EndGlobalSection
	GlobalSection(NestedProjects) = preSolution
		{64746E79-6FF4-4785-8A5D-F8A8C73F2B00} = {2BD43CEF-AB1A-4170-8C4A-1C958105B6AE}
	EndGlobalSection
	GlobalSection(ExtensibilityGlobals) = postSolution
		SolutionGuid = {E3A9E430-1D9E-4726-8C4B-762AE35B2902}
	EndGlobalSection
	GlobalSection(SharedMSBuildProjectFiles) = preSolution
		lib\lib.vcxitems*{40136619-ed98-4fbe-a5a9-bd2ad9dbb046}*SharedItemsImports = 9
		lib\lib.vcxitems*{639d7192-d51c-44a0-8720-155f004042fd}*SharedItemsImports = 4
		lib\lib.vcxitems*{68a6ced9-da0d-4f20-9322-4ebd12c5dddd}*SharedItemsImports = 4
		lib\lib.vcxitems*{ef9e75c4-2f31-477b-bbfd-6a2314cf5cd2}*SharedItemsImports = 4
	EndGlobalSection
EndGlobal
