
Microsoft Visual Studio Solution File, Format Version 12.00
# Visual Studio Version 17
VisualStudioVersion = 17.0.31903.59
MinimumVisualStudioVersion = 10.0.40219.1
Project("{2150E333-8FDC-42A3-9474-1A3956D46DE8}") = "Solution Items", "Solution Items", "{36DA2F92-B3F3-4F19-A8A2-90D1A829617C}"
	ProjectSection(SolutionItems) = preProject
		.gitignore = .gitignore
		README.md = README.md
	EndProjectSection
EndProject
Project("{9A19103F-16F7-4668-BE54-9A1E7A4F7556}") = "GSP", "GSP\GSP.csproj", "{CA9F6826-FBA6-4F60-8791-FF0867FEE168}"
EndProject
Project("{FAE04EC0-301F-11D3-BF4B-00C04F79EFBC}") = "Garnet", "Garnet\Garnet.csproj", "{5B6B6105-5684-4F64-8F19-61E34420E5F5}"
EndProject
Project("{9A19103F-16F7-4668-BE54-9A1E7A4F7556}") = "GTC", "GTC\GTC.csproj", "{F949041C-8F30-4B71-A608-BB4CCC68925D}"
EndProject
Global
	GlobalSection(SolutionConfigurationPlatforms) = preSolution
		Debug|Any CPU = Debug|Any CPU
		Release|Any CPU = Release|Any CPU
	EndGlobalSection
	GlobalSection(ProjectConfigurationPlatforms) = postSolution
		{CA9F6826-FBA6-4F60-8791-FF0867FEE168}.Debug|Any CPU.ActiveCfg = Debug|Any CPU
		{CA9F6826-FBA6-4F60-8791-FF0867FEE168}.Debug|Any CPU.Build.0 = Debug|Any CPU
		{CA9F6826-FBA6-4F60-8791-FF0867FEE168}.Release|Any CPU.ActiveCfg = Release|Any CPU
		{CA9F6826-FBA6-4F60-8791-FF0867FEE168}.Release|Any CPU.Build.0 = Release|Any CPU
		{5B6B6105-5684-4F64-8F19-61E34420E5F5}.Debug|Any CPU.ActiveCfg = Debug|Any CPU
		{5B6B6105-5684-4F64-8F19-61E34420E5F5}.Debug|Any CPU.Build.0 = Debug|Any CPU
		{5B6B6105-5684-4F64-8F19-61E34420E5F5}.Release|Any CPU.ActiveCfg = Release|Any CPU
		{5B6B6105-5684-4F64-8F19-61E34420E5F5}.Release|Any CPU.Build.0 = Release|Any CPU
		{F949041C-8F30-4B71-A608-BB4CCC68925D}.Debug|Any CPU.ActiveCfg = Debug|Any CPU
		{F949041C-8F30-4B71-A608-BB4CCC68925D}.Debug|Any CPU.Build.0 = Debug|Any CPU
		{F949041C-8F30-4B71-A608-BB4CCC68925D}.Release|Any CPU.ActiveCfg = Release|Any CPU
		{F949041C-8F30-4B71-A608-BB4CCC68925D}.Release|Any CPU.Build.0 = Release|Any CPU
	EndGlobalSection
	GlobalSection(SolutionProperties) = preSolution
		HideSolutionNode = FALSE
	EndGlobalSection
	GlobalSection(ExtensibilityGlobals) = postSolution
		SolutionGuid = {ECD4A24C-0810-462B-AFA9-6B40B8CB7506}
	EndGlobalSection
EndGlobal
